
Microsoft Visual Studio Solution File, Format Version 12.00
# Visual Studio Version 17
VisualStudioVersion = 17.1.32414.318
MinimumVisualStudioVersion = 10.0.40219.1
Project("{FAE04EC0-301F-11D3-BF4B-00C04F79EFBC}") = "Test", "Test\Test.csproj", "{9E3CF964-73CA-4259-9B70-6637732D5411}"
EndProject
Global
	GlobalSection(SolutionConfigurationPlatforms) = preSolution
		Debug|Any CPU = Debug|Any CPU
		Release|Any CPU = Release|Any CPU
	EndGlobalSection
	GlobalSection(ProjectConfigurationPlatforms) = postSolution
		{9E3CF964-73CA-4259-9B70-6637732D5411}.Debug|Any CPU.ActiveCfg = Debug|Any CPU
		{9E3CF964-73CA-4259-9B70-6637732D5411}.Debug|Any CPU.Build.0 = Debug|Any CPU
		{9E3CF964-73CA-4259-9B70-6637732D5411}.Release|Any CPU.ActiveCfg = Release|Any CPU
		{9E3CF964-73CA-4259-9B70-6637732D5411}.Release|Any CPU.Build.0 = Release|Any CPU
	EndGlobalSection
	GlobalSection(SolutionProperties) = preSolution
		HideSolutionNode = FALSE
	EndGlobalSection
	GlobalSection(ExtensibilityGlobals) = postSolution
		SolutionGuid = {BF2C4DB6-8BDE-46CD-AD4D-44E420FA8DD2}
	EndGlobalSection
EndGlobal
